
Microsoft Visual Studio Solution File, Format Version 9.00
# Visual C++ Express 2005
Project("{8BC9CEB8-8B4A-11D0-8D11-00A0C91BC942}") = "G3DTest", "G3DTest.vcproj", "{6C4D6EEF-B1D1-456A-B850-92CAB17124BE}"
EndProject
Global
	GlobalSection(SolutionConfigurationPlatforms) = preSolution
		Debug|Win32 = Debug|Win32
		Release|Win32 = Release|Win32
	EndGlobalSection
	GlobalSection(ProjectConfigurationPlatforms) = postSolution
		{6C4D6EEF-B1D1-456A-B850-92CAB17124BE}.Debug|Win32.ActiveCfg = Debug|Win32
		{6C4D6EEF-B1D1-456A-B850-92CAB17124BE}.Debug|Win32.Build.0 = Debug|Win32
		{6C4D6EEF-B1D1-456A-B850-92CAB17124BE}.Release|Win32.ActiveCfg = Release|Win32
		{6C4D6EEF-B1D1-456A-B850-92CAB17124BE}.Release|Win32.Build.0 = Release|Win32
	EndGlobalSection
	GlobalSection(SolutionProperties) = preSolution
		HideSolutionNode = FALSE
	EndGlobalSection
EndGlobal
